
Microsoft Visual Studio Solution File, Format Version 12.00
# Visual Studio Version 17
VisualStudioVersion = 17.11.35219.272
MinimumVisualStudioVersion = 10.0.40219.1
Project("{FAE04EC0-301F-11D3-BF4B-00C04F79EFBC}") = "SistemaAble", "SistemaAble\SistemaAble.csproj", "{F578FA09-4A86-42ED-92FA-68C9B8DAB24F}"
EndProject
Global
	GlobalSection(SolutionConfigurationPlatforms) = preSolution
		Debug|Any CPU = Debug|Any CPU
		Release|Any CPU = Release|Any CPU
	EndGlobalSection
	GlobalSection(ProjectConfigurationPlatforms) = postSolution
		{F578FA09-4A86-42ED-92FA-68C9B8DAB24F}.Debug|Any CPU.ActiveCfg = Debug|Any CPU
		{F578FA09-4A86-42ED-92FA-68C9B8DAB24F}.Debug|Any CPU.Build.0 = Debug|Any CPU
		{F578FA09-4A86-42ED-92FA-68C9B8DAB24F}.Release|Any CPU.ActiveCfg = Release|Any CPU
		{F578FA09-4A86-42ED-92FA-68C9B8DAB24F}.Release|Any CPU.Build.0 = Release|Any CPU
	EndGlobalSection
	GlobalSection(SolutionProperties) = preSolution
		HideSolutionNode = FALSE
	EndGlobalSection
	GlobalSection(ExtensibilityGlobals) = postSolution
		SolutionGuid = {48165B34-8D12-4869-97EF-CE179D9235B4}
	EndGlobalSection
EndGlobal
